
Microsoft Visual Studio Solution File, Format Version 12.00
# Visual Studio Version 16
VisualStudioVersion = 16.0.31515.178
MinimumVisualStudioVersion = 10.0.40219.1
Project("{FAE04EC0-301F-11D3-BF4B-00C04F79EFBC}") = "FilmesAPI", "FilmesAPI\FilmesAPI.csproj", "{887E0156-504D-40D7-9396-181EBA7AC9EB}"
EndProject
Global
	GlobalSection(SolutionConfigurationPlatforms) = preSolution
		Debug|Any CPU = Debug|Any CPU
		Release|Any CPU = Release|Any CPU
	EndGlobalSection
	GlobalSection(ProjectConfigurationPlatforms) = postSolution
		{887E0156-504D-40D7-9396-181EBA7AC9EB}.Debug|Any CPU.ActiveCfg = Debug|Any CPU
		{887E0156-504D-40D7-9396-181EBA7AC9EB}.Debug|Any CPU.Build.0 = Debug|Any CPU
		{887E0156-504D-40D7-9396-181EBA7AC9EB}.Release|Any CPU.ActiveCfg = Release|Any CPU
		{887E0156-504D-40D7-9396-181EBA7AC9EB}.Release|Any CPU.Build.0 = Release|Any CPU
	EndGlobalSection
	GlobalSection(SolutionProperties) = preSolution
		HideSolutionNode = FALSE
	EndGlobalSection
	GlobalSection(ExtensibilityGlobals) = postSolution
		SolutionGuid = {4DC5CFB3-DF3E-478B-AA57-B17C88528F22}
	EndGlobalSection
EndGlobal
